
Microsoft Visual Studio Solution File, Format Version 12.00
# Visual Studio Version 17
VisualStudioVersion = 17.0.31903.59
MinimumVisualStudioVersion = 10.0.40219.1
Project("{FAE04EC0-301F-11D3-BF4B-00C04F79EFBC}") = "Kalshi.Api", "Kalshi.Api\Kalshi.Api.csproj", "{C8F3E4D5-6A7B-8C9D-0E1F-2A3B4C5D6E7F}"
EndProject
Project("{FAE04EC0-301F-11D3-BF4B-00C04F79EFBC}") = "KSignal.API", "KSignal.API\KSignal.API.csproj", "{42BE80AC-0B55-4E50-BE59-B585ACCBE0BC}"
EndProject
Project("{FAE04EC0-301F-11D3-BF4B-00C04F79EFBC}") = "KSignals.DTO", "..\shared\KSignals.DTO\KSignals.DTO.csproj", "{0A1B2C3D-4E5F-6071-8899-AABBCCDDEEFF}"
EndProject
Global
	GlobalSection(SolutionConfigurationPlatforms) = preSolution
		Debug|Any CPU = Debug|Any CPU
		Debug|x64 = Debug|x64
		Debug|x86 = Debug|x86
		Release|Any CPU = Release|Any CPU
		Release|x64 = Release|x64
		Release|x86 = Release|x86
	EndGlobalSection
	GlobalSection(ProjectConfigurationPlatforms) = postSolution
		{C8F3E4D5-6A7B-8C9D-0E1F-2A3B4C5D6E7F}.Debug|Any CPU.ActiveCfg = Debug|Any CPU
		{C8F3E4D5-6A7B-8C9D-0E1F-2A3B4C5D6E7F}.Debug|Any CPU.Build.0 = Debug|Any CPU
		{C8F3E4D5-6A7B-8C9D-0E1F-2A3B4C5D6E7F}.Debug|x64.ActiveCfg = Debug|Any CPU
		{C8F3E4D5-6A7B-8C9D-0E1F-2A3B4C5D6E7F}.Debug|x64.Build.0 = Debug|Any CPU
		{C8F3E4D5-6A7B-8C9D-0E1F-2A3B4C5D6E7F}.Debug|x86.ActiveCfg = Debug|Any CPU
		{C8F3E4D5-6A7B-8C9D-0E1F-2A3B4C5D6E7F}.Debug|x86.Build.0 = Debug|Any CPU
		{C8F3E4D5-6A7B-8C9D-0E1F-2A3B4C5D6E7F}.Release|Any CPU.ActiveCfg = Release|Any CPU
		{C8F3E4D5-6A7B-8C9D-0E1F-2A3B4C5D6E7F}.Release|Any CPU.Build.0 = Release|Any CPU
		{C8F3E4D5-6A7B-8C9D-0E1F-2A3B4C5D6E7F}.Release|x64.ActiveCfg = Release|Any CPU
		{C8F3E4D5-6A7B-8C9D-0E1F-2A3B4C5D6E7F}.Release|x64.Build.0 = Release|Any CPU
		{C8F3E4D5-6A7B-8C9D-0E1F-2A3B4C5D6E7F}.Release|x86.ActiveCfg = Release|Any CPU
		{C8F3E4D5-6A7B-8C9D-0E1F-2A3B4C5D6E7F}.Release|x86.Build.0 = Release|Any CPU
		{42BE80AC-0B55-4E50-BE59-B585ACCBE0BC}.Debug|Any CPU.ActiveCfg = Debug|Any CPU
		{42BE80AC-0B55-4E50-BE59-B585ACCBE0BC}.Debug|Any CPU.Build.0 = Debug|Any CPU
		{42BE80AC-0B55-4E50-BE59-B585ACCBE0BC}.Debug|x64.ActiveCfg = Debug|Any CPU
		{42BE80AC-0B55-4E50-BE59-B585ACCBE0BC}.Debug|x64.Build.0 = Debug|Any CPU
		{42BE80AC-0B55-4E50-BE59-B585ACCBE0BC}.Debug|x86.ActiveCfg = Debug|Any CPU
		{42BE80AC-0B55-4E50-BE59-B585ACCBE0BC}.Debug|x86.Build.0 = Debug|Any CPU
		{42BE80AC-0B55-4E50-BE59-B585ACCBE0BC}.Release|Any CPU.ActiveCfg = Release|Any CPU
		{42BE80AC-0B55-4E50-BE59-B585ACCBE0BC}.Release|Any CPU.Build.0 = Release|Any CPU
		{42BE80AC-0B55-4E50-BE59-B585ACCBE0BC}.Release|x64.ActiveCfg = Release|Any CPU
		{42BE80AC-0B55-4E50-BE59-B585ACCBE0BC}.Release|x64.Build.0 = Release|Any CPU
		{42BE80AC-0B55-4E50-BE59-B585ACCBE0BC}.Release|x86.ActiveCfg = Release|Any CPU
		{42BE80AC-0B55-4E50-BE59-B585ACCBE0BC}.Release|x86.Build.0 = Release|Any CPU
		{0A1B2C3D-4E5F-6071-8899-AABBCCDDEEFF}.Debug|Any CPU.ActiveCfg = Debug|Any CPU
		{0A1B2C3D-4E5F-6071-8899-AABBCCDDEEFF}.Debug|Any CPU.Build.0 = Debug|Any CPU
		{0A1B2C3D-4E5F-6071-8899-AABBCCDDEEFF}.Debug|x64.ActiveCfg = Debug|Any CPU
		{0A1B2C3D-4E5F-6071-8899-AABBCCDDEEFF}.Debug|x64.Build.0 = Debug|Any CPU
		{0A1B2C3D-4E5F-6071-8899-AABBCCDDEEFF}.Debug|x86.ActiveCfg = Debug|Any CPU
		{0A1B2C3D-4E5F-6071-8899-AABBCCDDEEFF}.Debug|x86.Build.0 = Debug|Any CPU
		{0A1B2C3D-4E5F-6071-8899-AABBCCDDEEFF}.Release|Any CPU.ActiveCfg = Release|Any CPU
		{0A1B2C3D-4E5F-6071-8899-AABBCCDDEEFF}.Release|Any CPU.Build.0 = Release|Any CPU
		{0A1B2C3D-4E5F-6071-8899-AABBCCDDEEFF}.Release|x64.ActiveCfg = Release|Any CPU
		{0A1B2C3D-4E5F-6071-8899-AABBCCDDEEFF}.Release|x64.Build.0 = Release|Any CPU
		{0A1B2C3D-4E5F-6071-8899-AABBCCDDEEFF}.Release|x86.ActiveCfg = Release|Any CPU
		{0A1B2C3D-4E5F-6071-8899-AABBCCDDEEFF}.Release|x86.Build.0 = Release|Any CPU
EndGlobalSection
	GlobalSection(SolutionProperties) = preSolution
		HideSolutionNode = FALSE
	EndGlobalSection
	GlobalSection(NestedProjects) = preSolution
	EndGlobalSection
EndGlobal
